
Microsoft Visual Studio Solution File, Format Version 12.00
# Visual Studio 2013
VisualStudioVersion = 12.0.30501.0
MinimumVisualStudioVersion = 10.0.40219.1
Project("{FAE04EC0-301F-11D3-BF4B-00C04F79EFBC}") = "PracujPlRegionOffers", "PracujPlRegionOffers\PracujPlRegionOffers.csproj", "{1C2D8A2E-0419-4EDA-9A22-4A5A8C7E82E0}"
EndProject
Project("{FAE04EC0-301F-11D3-BF4B-00C04F79EFBC}") = "PracujPl.Commons", "PracujPl.Commons\PracujPl.Commons.csproj", "{F2AFE581-734B-4914-BBF4-D6A2A82EB692}"
EndProject
Project("{2150E333-8FDC-42A3-9474-1A3956D46DE8}") = "Tests", "Tests", "{571157A4-CA08-491F-8FE4-8453A14EA0F4}"
EndProject
Project("{FAE04EC0-301F-11D3-BF4B-00C04F79EFBC}") = "PracujPl.Tests", "PracujPl.Tests\PracujPl.Tests.csproj", "{2989049C-D442-4223-BF64-C444CB7226D5}"
EndProject
Project("{FAE04EC0-301F-11D3-BF4B-00C04F79EFBC}") = "PracujPlRegionOffers.Viewer", "PracujPlRegionOffers.Viewer\PracujPlRegionOffers.Viewer.csproj", "{4BDB8EFB-473F-4402-97C1-05B6776BCEAA}"
EndProject
Project("{2150E333-8FDC-42A3-9474-1A3956D46DE8}") = ".nuget", ".nuget", "{20298403-F3AD-4888-9809-2AF24729CE3D}"
	ProjectSection(SolutionItems) = preProject
		.nuget\NuGet.Config = .nuget\NuGet.Config
		.nuget\NuGet.exe = .nuget\NuGet.exe
		.nuget\NuGet.targets = .nuget\NuGet.targets
	EndProjectSection
EndProject
Global
	GlobalSection(SolutionConfigurationPlatforms) = preSolution
		Debug|Any CPU = Debug|Any CPU
		Release|Any CPU = Release|Any CPU
	EndGlobalSection
	GlobalSection(ProjectConfigurationPlatforms) = postSolution
		{1C2D8A2E-0419-4EDA-9A22-4A5A8C7E82E0}.Debug|Any CPU.ActiveCfg = Debug|Any CPU
		{1C2D8A2E-0419-4EDA-9A22-4A5A8C7E82E0}.Debug|Any CPU.Build.0 = Debug|Any CPU
		{1C2D8A2E-0419-4EDA-9A22-4A5A8C7E82E0}.Release|Any CPU.ActiveCfg = Release|Any CPU
		{1C2D8A2E-0419-4EDA-9A22-4A5A8C7E82E0}.Release|Any CPU.Build.0 = Release|Any CPU
		{F2AFE581-734B-4914-BBF4-D6A2A82EB692}.Debug|Any CPU.ActiveCfg = Debug|Any CPU
		{F2AFE581-734B-4914-BBF4-D6A2A82EB692}.Debug|Any CPU.Build.0 = Debug|Any CPU
		{F2AFE581-734B-4914-BBF4-D6A2A82EB692}.Release|Any CPU.ActiveCfg = Release|Any CPU
		{F2AFE581-734B-4914-BBF4-D6A2A82EB692}.Release|Any CPU.Build.0 = Release|Any CPU
		{2989049C-D442-4223-BF64-C444CB7226D5}.Debug|Any CPU.ActiveCfg = Debug|Any CPU
		{2989049C-D442-4223-BF64-C444CB7226D5}.Debug|Any CPU.Build.0 = Debug|Any CPU
		{2989049C-D442-4223-BF64-C444CB7226D5}.Release|Any CPU.ActiveCfg = Release|Any CPU
		{2989049C-D442-4223-BF64-C444CB7226D5}.Release|Any CPU.Build.0 = Release|Any CPU
		{4BDB8EFB-473F-4402-97C1-05B6776BCEAA}.Debug|Any CPU.ActiveCfg = Debug|Any CPU
		{4BDB8EFB-473F-4402-97C1-05B6776BCEAA}.Debug|Any CPU.Build.0 = Debug|Any CPU
		{4BDB8EFB-473F-4402-97C1-05B6776BCEAA}.Release|Any CPU.ActiveCfg = Release|Any CPU
		{4BDB8EFB-473F-4402-97C1-05B6776BCEAA}.Release|Any CPU.Build.0 = Release|Any CPU
	EndGlobalSection
	GlobalSection(SolutionProperties) = preSolution
		HideSolutionNode = FALSE
	EndGlobalSection
	GlobalSection(NestedProjects) = preSolution
		{2989049C-D442-4223-BF64-C444CB7226D5} = {571157A4-CA08-491F-8FE4-8453A14EA0F4}
	EndGlobalSection
EndGlobal
